
Microsoft Visual Studio Solution File, Format Version 12.00
# Visual Studio Version 17
VisualStudioVersion = 17.14.36408.4 d17.14
MinimumVisualStudioVersion = 10.0.40219.1
Project("{FAE04EC0-301F-11D3-BF4B-00C04F79EFBC}") = "CodeManager", "CodeManager\CodeManager.csproj", "{653FF741-D774-44AC-96E1-F8342BCF2FFD}"
EndProject
Global
	GlobalSection(SolutionConfigurationPlatforms) = preSolution
		Debug|Any CPU = Debug|Any CPU
		Release|Any CPU = Release|Any CPU
	EndGlobalSection
	GlobalSection(ProjectConfigurationPlatforms) = postSolution
		{653FF741-D774-44AC-96E1-F8342BCF2FFD}.Debug|Any CPU.ActiveCfg = Debug|Any CPU
		{653FF741-D774-44AC-96E1-F8342BCF2FFD}.Debug|Any CPU.Build.0 = Debug|Any CPU
		{653FF741-D774-44AC-96E1-F8342BCF2FFD}.Release|Any CPU.ActiveCfg = Release|Any CPU
		{653FF741-D774-44AC-96E1-F8342BCF2FFD}.Release|Any CPU.Build.0 = Release|Any CPU
	EndGlobalSection
	GlobalSection(SolutionProperties) = preSolution
		HideSolutionNode = FALSE
	EndGlobalSection
	GlobalSection(ExtensibilityGlobals) = postSolution
		SolutionGuid = {0A7FD1BB-175D-417A-91E5-B01C2BB800BF}
	EndGlobalSection
EndGlobal
